// !$*UTF8*$!
{
	archiveVersion = 1;
	classes = {
	};
	objectVersion = 77;
	objects = {

/* Begin PBXBuildFile section */
		055B1A1A2EE1B5FE00D49641 /* WidgetKit.framework in Frameworks */ = {isa = PBXBuildFile; fileRef = 055B1A192EE1B5FD00D49641 /* WidgetKit.framework */; };
		055B1A1C2EE1B5FE00D49641 /* SwiftUI.framework in Frameworks */ = {isa = PBXBuildFile; fileRef = 055B1A1B2EE1B5FE00D49641 /* SwiftUI.framework */; };
		055B1A272EE1B5FF00D49641 /* SampleASAWidgetsExtension.appex in Embed Foundation Extensions */ = {isa = PBXBuildFile; fileRef = 055B1A172EE1B5FD00D49641 /* SampleASAWidgetsExtension.appex */; settings = {ATTRIBUTES = (RemoveHeadersOnCopy, ); }; };
		055B1A342EE1BBD400D49641 /* WidgetKit.framework in Frameworks */ = {isa = PBXBuildFile; fileRef = 055B1A192EE1B5FD00D49641 /* WidgetKit.framework */; };
		055B1A352EE1BBD400D49641 /* SwiftUI.framework in Frameworks */ = {isa = PBXBuildFile; fileRef = 055B1A1B2EE1B5FE00D49641 /* SwiftUI.framework */; };
		055B1A542EE1BF5F00D49641 /* SampleASAWatchApp Watch App.app in Embed Watch Content */ = {isa = PBXBuildFile; fileRef = 055B1A4A2EE1BF5E00D49641 /* SampleASAWatchApp Watch App.app */; settings = {ATTRIBUTES = (RemoveHeadersOnCopy, ); }; };
		055B1B562EE1C68100D49641 /* WidgetKit.framework in Frameworks */ = {isa = PBXBuildFile; fileRef = 055B1A192EE1B5FD00D49641 /* WidgetKit.framework */; };
		055B1B572EE1C68100D49641 /* SwiftUI.framework in Frameworks */ = {isa = PBXBuildFile; fileRef = 055B1A1B2EE1B5FE00D49641 /* SwiftUI.framework */; };
		055B1B662EE1C68300D49641 /* SampleASAWatchAppWidgetExtension.appex in Embed Foundation Extensions */ = {isa = PBXBuildFile; fileRef = 055B1B552EE1C68100D49641 /* SampleASAWatchAppWidgetExtension.appex */; settings = {ATTRIBUTES = (RemoveHeadersOnCopy, ); }; };
/* End PBXBuildFile section */

/* Begin PBXContainerItemProxy section */
		055B1A252EE1B5FF00D49641 /* PBXContainerItemProxy */ = {
			isa = PBXContainerItemProxy;
			containerPortal = 05DBFAC52E2507AA004B7836 /* Project object */;
			proxyType = 1;
			remoteGlobalIDString = 055B1A162EE1B5FD00D49641;
			remoteInfo = SampleASAWidgetsExtension;
		};
		055B1A522EE1BF5F00D49641 /* PBXContainerItemProxy */ = {
			isa = PBXContainerItemProxy;
			containerPortal = 05DBFAC52E2507AA004B7836 /* Project object */;
			proxyType = 1;
			remoteGlobalIDString = 055B1A492EE1BF5E00D49641;
			remoteInfo = "SampleASAWatchApp Watch App";
		};
		055B1B642EE1C68300D49641 /* PBXContainerItemProxy */ = {
			isa = PBXContainerItemProxy;
			containerPortal = 05DBFAC52E2507AA004B7836 /* Project object */;
			proxyType = 1;
			remoteGlobalIDString = 055B1B542EE1C68100D49641;
			remoteInfo = SampleASAWatchAppWidgetExtension;
		};
/* End PBXContainerItemProxy section */

/* Begin PBXCopyFilesBuildPhase section */
		055B1A282EE1B5FF00D49641 /* Embed Foundation Extensions */ = {
			isa = PBXCopyFilesBuildPhase;
			buildActionMask = 2147483647;
			dstPath = "";
			dstSubfolderSpec = 13;
			files = (
				055B1A272EE1B5FF00D49641 /* SampleASAWidgetsExtension.appex in Embed Foundation Extensions */,
			);
			name = "Embed Foundation Extensions";
			runOnlyForDeploymentPostprocessing = 0;
		};
		055B1A582EE1BF5F00D49641 /* Embed Watch Content */ = {
			isa = PBXCopyFilesBuildPhase;
			buildActionMask = 2147483647;
			dstPath = "$(CONTENTS_FOLDER_PATH)/Watch";
			dstSubfolderSpec = 16;
			files = (
				055B1A542EE1BF5F00D49641 /* SampleASAWatchApp Watch App.app in Embed Watch Content */,
			);
			name = "Embed Watch Content";
			runOnlyForDeploymentPostprocessing = 0;
		};
		055B1B672EE1C68300D49641 /* Embed Foundation Extensions */ = {
			isa = PBXCopyFilesBuildPhase;
			buildActionMask = 2147483647;
			dstPath = "";
			dstSubfolderSpec = 13;
			files = (
				055B1B662EE1C68300D49641 /* SampleASAWatchAppWidgetExtension.appex in Embed Foundation Extensions */,
			);
			name = "Embed Foundation Extensions";
			runOnlyForDeploymentPostprocessing = 0;
		};
/* End PBXCopyFilesBuildPhase section */

/* Begin PBXFileReference section */
		055B1A172EE1B5FD00D49641 /* SampleASAWidgetsExtension.appex */ = {isa = PBXFileReference; explicitFileType = "wrapper.app-extension"; includeInIndex = 0; path = SampleASAWidgetsExtension.appex; sourceTree = BUILT_PRODUCTS_DIR; };
		055B1A192EE1B5FD00D49641 /* WidgetKit.framework */ = {isa = PBXFileReference; lastKnownFileType = wrapper.framework; name = WidgetKit.framework; path = System/Library/Frameworks/WidgetKit.framework; sourceTree = SDKROOT; };
		055B1A1B2EE1B5FE00D49641 /* SwiftUI.framework */ = {isa = PBXFileReference; lastKnownFileType = wrapper.framework; name = SwiftUI.framework; path = System/Library/Frameworks/SwiftUI.framework; sourceTree = SDKROOT; };
		055B1A332EE1BBD400D49641 /* SampleASAWidgetsWatchExtension.appex */ = {isa = PBXFileReference; explicitFileType = "wrapper.app-extension"; includeInIndex = 0; path = SampleASAWidgetsWatchExtension.appex; sourceTree = BUILT_PRODUCTS_DIR; };
		055B1A4A2EE1BF5E00D49641 /* SampleASAWatchApp Watch App.app */ = {isa = PBXFileReference; explicitFileType = wrapper.application; includeInIndex = 0; path = "SampleASAWatchApp Watch App.app"; sourceTree = BUILT_PRODUCTS_DIR; };
		055B1B552EE1C68100D49641 /* SampleASAWatchAppWidgetExtension.appex */ = {isa = PBXFileReference; explicitFileType = "wrapper.app-extension"; includeInIndex = 0; path = SampleASAWatchAppWidgetExtension.appex; sourceTree = BUILT_PRODUCTS_DIR; };
		05DBFACD2E2507AA004B7836 /* sample.app */ = {isa = PBXFileReference; explicitFileType = wrapper.application; includeInIndex = 0; path = sample.app; sourceTree = BUILT_PRODUCTS_DIR; };
/* End PBXFileReference section */

/* Begin PBXFileSystemSynchronizedBuildFileExceptionSet section */
		055B1A2B2EE1B5FF00D49641 /* Exceptions for "SampleASAWidgets" folder in "SampleASAWidgetsExtension" target */ = {
			isa = PBXFileSystemSynchronizedBuildFileExceptionSet;
			membershipExceptions = (
				Info.plist,
			);
			target = 055B1A162EE1B5FD00D49641 /* SampleASAWidgetsExtension */;
		};
		055B1A2E2EE1B79000D49641 /* Exceptions for "sample" folder in "SampleASAWidgetsExtension" target */ = {
			isa = PBXFileSystemSynchronizedBuildFileExceptionSet;
			membershipExceptions = (
				Assets.xcassets,
			);
			target = 055B1A162EE1B5FD00D49641 /* SampleASAWidgetsExtension */;
		};
		055B1A5D2EE1BFC300D49641 /* Exceptions for "AFM_ASA" folder in "SampleASAWatchApp Watch App" target */ = {
			isa = PBXFileSystemSynchronizedBuildFileExceptionSet;
			membershipExceptions = (
				AirTagProduct.swift,
				AirTagViewModel.swift,
				Views/AirTagHeroImage.swift,
			);
			target = 055B1A492EE1BF5E00D49641 /* SampleASAWatchApp Watch App */;
		};
		055B1B6B2EE1C68300D49641 /* Exceptions for "SampleASAWatchAppWidget" folder in "SampleASAWatchAppWidgetExtension" target */ = {
			isa = PBXFileSystemSynchronizedBuildFileExceptionSet;
			membershipExceptions = (
				Info.plist,
			);
			target = 055B1B542EE1C68100D49641 /* SampleASAWatchAppWidgetExtension */;
		};
/* End PBXFileSystemSynchronizedBuildFileExceptionSet section */

/* Begin PBXFileSystemSynchronizedRootGroup section */
		053788BE2E96AAB000B76044 /* DocumentScanner */ = {
			isa = PBXFileSystemSynchronizedRootGroup;
			path = DocumentScanner;
			sourceTree = "<group>";
		};
		05587D822EDDAAFF000E48E6 /* GenUI_application */ = {
			isa = PBXFileSystemSynchronizedRootGroup;
			path = GenUI_application;
			sourceTree = "<group>";
		};
		05587E3B2EDDE095000E48E6 /* AFM_ASA */ = {
			isa = PBXFileSystemSynchronizedRootGroup;
			exceptions = (
				055B1A5D2EE1BFC300D49641 /* Exceptions for "AFM_ASA" folder in "SampleASAWatchApp Watch App" target */,
			);
			path = AFM_ASA;
			sourceTree = "<group>";
		};
		055B1A1D2EE1B5FE00D49641 /* SampleASAWidgets */ = {
			isa = PBXFileSystemSynchronizedRootGroup;
			exceptions = (
				055B1A2B2EE1B5FF00D49641 /* Exceptions for "SampleASAWidgets" folder in "SampleASAWidgetsExtension" target */,
			);
			path = SampleASAWidgets;
			sourceTree = "<group>";
		};
		055B1A4B2EE1BF5E00D49641 /* SampleASAWatchApp Watch App */ = {
			isa = PBXFileSystemSynchronizedRootGroup;
			path = "SampleASAWatchApp Watch App";
			sourceTree = "<group>";
		};
		055B1B582EE1C68100D49641 /* SampleASAWatchAppWidget */ = {
			isa = PBXFileSystemSynchronizedRootGroup;
			exceptions = (
				055B1B6B2EE1C68300D49641 /* Exceptions for "SampleASAWatchAppWidget" folder in "SampleASAWatchAppWidgetExtension" target */,
			);
			path = SampleASAWatchAppWidget;
			sourceTree = "<group>";
		};
		058527452E30E797006C8A3E /* ChatBot */ = {
			isa = PBXFileSystemSynchronizedRootGroup;
			path = ChatBot;
			sourceTree = "<group>";
		};
		05921E522E33877A00255EBF /* Fruits Seller */ = {
			isa = PBXFileSystemSynchronizedRootGroup;
			path = "Fruits Seller";
			sourceTree = "<group>";
		};
		05DBFACF2E2507AA004B7836 /* sample */ = {
			isa = PBXFileSystemSynchronizedRootGroup;
			exceptions = (
				055B1A2E2EE1B79000D49641 /* Exceptions for "sample" folder in "SampleASAWidgetsExtension" target */,
			);
			path = sample;
			sourceTree = "<group>";
		};
/* End PBXFileSystemSynchronizedRootGroup section */

/* Begin PBXFrameworksBuildPhase section */
		055B1A142EE1B5FD00D49641 /* Frameworks */ = {
			isa = PBXFrameworksBuildPhase;
			buildActionMask = 2147483647;
			files = (
				055B1A1C2EE1B5FE00D49641 /* SwiftUI.framework in Frameworks */,
				055B1A1A2EE1B5FE00D49641 /* WidgetKit.framework in Frameworks */,
			);
			runOnlyForDeploymentPostprocessing = 0;
		};
		055B1A302EE1BBD400D49641 /* Frameworks */ = {
			isa = PBXFrameworksBuildPhase;
			buildActionMask = 2147483647;
			files = (
				055B1A352EE1BBD400D49641 /* SwiftUI.framework in Frameworks */,
				055B1A342EE1BBD400D49641 /* WidgetKit.framework in Frameworks */,
			);
			runOnlyForDeploymentPostprocessing = 0;
		};
		055B1A472EE1BF5E00D49641 /* Frameworks */ = {
			isa = PBXFrameworksBuildPhase;
			buildActionMask = 2147483647;
			files = (
			);
			runOnlyForDeploymentPostprocessing = 0;
		};
		055B1B522EE1C68100D49641 /* Frameworks */ = {
			isa = PBXFrameworksBuildPhase;
			buildActionMask = 2147483647;
			files = (
				055B1B572EE1C68100D49641 /* SwiftUI.framework in Frameworks */,
				055B1B562EE1C68100D49641 /* WidgetKit.framework in Frameworks */,
			);
			runOnlyForDeploymentPostprocessing = 0;
		};
		05DBFACA2E2507AA004B7836 /* Frameworks */ = {
			isa = PBXFrameworksBuildPhase;
			buildActionMask = 2147483647;
			files = (
			);
			runOnlyForDeploymentPostprocessing = 0;
		};
/* End PBXFrameworksBuildPhase section */

/* Begin PBXGroup section */
		055B1A182EE1B5FD00D49641 /* Frameworks */ = {
			isa = PBXGroup;
			children = (
				055B1A192EE1B5FD00D49641 /* WidgetKit.framework */,
				055B1A1B2EE1B5FE00D49641 /* SwiftUI.framework */,
			);
			name = Frameworks;
			sourceTree = "<group>";
		};
		05DBFAC42E2507AA004B7836 = {
			isa = PBXGroup;
			children = (
				05587E3B2EDDE095000E48E6 /* AFM_ASA */,
				05587D822EDDAAFF000E48E6 /* GenUI_application */,
				053788BE2E96AAB000B76044 /* DocumentScanner */,
				05921E522E33877A00255EBF /* Fruits Seller */,
				058527452E30E797006C8A3E /* ChatBot */,
				05DBFACF2E2507AA004B7836 /* sample */,
				055B1A1D2EE1B5FE00D49641 /* SampleASAWidgets */,
				055B1A4B2EE1BF5E00D49641 /* SampleASAWatchApp Watch App */,
				055B1B582EE1C68100D49641 /* SampleASAWatchAppWidget */,
				055B1A182EE1B5FD00D49641 /* Frameworks */,
				05DBFACE2E2507AA004B7836 /* Products */,
			);
			sourceTree = "<group>";
		};
		05DBFACE2E2507AA004B7836 /* Products */ = {
			isa = PBXGroup;
			children = (
				05DBFACD2E2507AA004B7836 /* sample.app */,
				055B1A172EE1B5FD00D49641 /* SampleASAWidgetsExtension.appex */,
				055B1A332EE1BBD400D49641 /* SampleASAWidgetsWatchExtension.appex */,
				055B1A4A2EE1BF5E00D49641 /* SampleASAWatchApp Watch App.app */,
				055B1B552EE1C68100D49641 /* SampleASAWatchAppWidgetExtension.appex */,
			);
			name = Products;
			sourceTree = "<group>";
		};
/* End PBXGroup section */

/* Begin PBXNativeTarget section */
		055B1A162EE1B5FD00D49641 /* SampleASAWidgetsExtension */ = {
			isa = PBXNativeTarget;
			buildConfigurationList = 055B1A2C2EE1B5FF00D49641 /* Build configuration list for PBXNativeTarget "SampleASAWidgetsExtension" */;
			buildPhases = (
				055B1A132EE1B5FD00D49641 /* Sources */,
				055B1A142EE1B5FD00D49641 /* Frameworks */,
				055B1A152EE1B5FD00D49641 /* Resources */,
			);
			buildRules = (
			);
			dependencies = (
			);
			fileSystemSynchronizedGroups = (
				055B1A1D2EE1B5FE00D49641 /* SampleASAWidgets */,
			);
			name = SampleASAWidgetsExtension;
			packageProductDependencies = (
			);
			productName = SampleASAWidgetsExtension;
			productReference = 055B1A172EE1B5FD00D49641 /* SampleASAWidgetsExtension.appex */;
			productType = "com.apple.product-type.app-extension";
		};
		055B1A322EE1BBD400D49641 /* SampleASAWidgetsWatchExtension */ = {
			isa = PBXNativeTarget;
			buildConfigurationList = 055B1A432EE1BBD600D49641 /* Build configuration list for PBXNativeTarget "SampleASAWidgetsWatchExtension" */;
			buildPhases = (
				055B1A2F2EE1BBD400D49641 /* Sources */,
				055B1A302EE1BBD400D49641 /* Frameworks */,
				055B1A312EE1BBD400D49641 /* Resources */,
			);
			buildRules = (
			);
			dependencies = (
			);
			name = SampleASAWidgetsWatchExtension;
			packageProductDependencies = (
			);
			productName = SampleASAWidgetsWatchExtension;
			productReference = 055B1A332EE1BBD400D49641 /* SampleASAWidgetsWatchExtension.appex */;
			productType = "com.apple.product-type.app-extension";
		};
		055B1A492EE1BF5E00D49641 /* SampleASAWatchApp Watch App */ = {
			isa = PBXNativeTarget;
			buildConfigurationList = 055B1A552EE1BF5F00D49641 /* Build configuration list for PBXNativeTarget "SampleASAWatchApp Watch App" */;
			buildPhases = (
				055B1A462EE1BF5E00D49641 /* Sources */,
				055B1A472EE1BF5E00D49641 /* Frameworks */,
				055B1A482EE1BF5E00D49641 /* Resources */,
				055B1B672EE1C68300D49641 /* Embed Foundation Extensions */,
			);
			buildRules = (
			);
			dependencies = (
				055B1B652EE1C68300D49641 /* PBXTargetDependency */,
			);
			fileSystemSynchronizedGroups = (
				055B1A4B2EE1BF5E00D49641 /* SampleASAWatchApp Watch App */,
			);
			name = "SampleASAWatchApp Watch App";
			packageProductDependencies = (
			);
			productName = "SampleASAWatchApp Watch App";
			productReference = 055B1A4A2EE1BF5E00D49641 /* SampleASAWatchApp Watch App.app */;
			productType = "com.apple.product-type.application";
		};
		055B1B542EE1C68100D49641 /* SampleASAWatchAppWidgetExtension */ = {
			isa = PBXNativeTarget;
			buildConfigurationList = 055B1B6A2EE1C68300D49641 /* Build configuration list for PBXNativeTarget "SampleASAWatchAppWidgetExtension" */;
			buildPhases = (
				055B1B512EE1C68100D49641 /* Sources */,
				055B1B522EE1C68100D49641 /* Frameworks */,
				055B1B532EE1C68100D49641 /* Resources */,
			);
			buildRules = (
			);
			dependencies = (
			);
			fileSystemSynchronizedGroups = (
				055B1B582EE1C68100D49641 /* SampleASAWatchAppWidget */,
			);
			name = SampleASAWatchAppWidgetExtension;
			packageProductDependencies = (
			);
			productName = SampleASAWatchAppWidgetExtension;
			productReference = 055B1B552EE1C68100D49641 /* SampleASAWatchAppWidgetExtension.appex */;
			productType = "com.apple.product-type.app-extension";
		};
		05DBFACC2E2507AA004B7836 /* sample */ = {
			isa = PBXNativeTarget;
			buildConfigurationList = 05DBFAD82E2507AB004B7836 /* Build configuration list for PBXNativeTarget "sample" */;
			buildPhases = (
				05DBFAC92E2507AA004B7836 /* Sources */,
				05DBFACA2E2507AA004B7836 /* Frameworks */,
				05DBFACB2E2507AA004B7836 /* Resources */,
				055B1A282EE1B5FF00D49641 /* Embed Foundation Extensions */,
				055B1A582EE1BF5F00D49641 /* Embed Watch Content */,
			);
			buildRules = (
			);
			dependencies = (
				055B1A262EE1B5FF00D49641 /* PBXTargetDependency */,
				055B1A532EE1BF5F00D49641 /* PBXTargetDependency */,
			);
			fileSystemSynchronizedGroups = (
				053788BE2E96AAB000B76044 /* DocumentScanner */,
				05587D822EDDAAFF000E48E6 /* GenUI_application */,
				05587E3B2EDDE095000E48E6 /* AFM_ASA */,
				058527452E30E797006C8A3E /* ChatBot */,
				05921E522E33877A00255EBF /* Fruits Seller */,
				05DBFACF2E2507AA004B7836 /* sample */,
			);
			name = sample;
			packageProductDependencies = (
			);
			productName = sample;
			productReference = 05DBFACD2E2507AA004B7836 /* sample.app */;
			productType = "com.apple.product-type.application";
		};
/* End PBXNativeTarget section */

/* Begin PBXProject section */
		05DBFAC52E2507AA004B7836 /* Project object */ = {
			isa = PBXProject;
			attributes = {
				BuildIndependentTargetsInParallel = 1;
				LastSwiftUpdateCheck = 2600;
				LastUpgradeCheck = 2600;
				TargetAttributes = {
					055B1A162EE1B5FD00D49641 = {
						CreatedOnToolsVersion = 26.0.1;
					};
					055B1A322EE1BBD400D49641 = {
						CreatedOnToolsVersion = 26.0.1;
					};
					055B1A492EE1BF5E00D49641 = {
						CreatedOnToolsVersion = 26.0.1;
					};
					055B1B542EE1C68100D49641 = {
						CreatedOnToolsVersion = 26.0.1;
					};
					05DBFACC2E2507AA004B7836 = {
						CreatedOnToolsVersion = 26.0;
					};
				};
			};
			buildConfigurationList = 05DBFAC82E2507AA004B7836 /* Build configuration list for PBXProject "sample" */;
			developmentRegion = en;
			hasScannedForEncodings = 0;
			knownRegions = (
				en,
				Base,
			);
			mainGroup = 05DBFAC42E2507AA004B7836;
			minimizedProjectReferenceProxies = 1;
			preferredProjectObjectVersion = 77;
			productRefGroup = 05DBFACE2E2507AA004B7836 /* Products */;
			projectDirPath = "";
			projectRoot = "";
			targets = (
				05DBFACC2E2507AA004B7836 /* sample */,
				055B1A162EE1B5FD00D49641 /* SampleASAWidgetsExtension */,
				055B1A322EE1BBD400D49641 /* SampleASAWidgetsWatchExtension */,
				055B1A492EE1BF5E00D49641 /* SampleASAWatchApp Watch App */,
				055B1B542EE1C68100D49641 /* SampleASAWatchAppWidgetExtension */,
			);
		};
/* End PBXProject section */

/* Begin PBXResourcesBuildPhase section */
		055B1A152EE1B5FD00D49641 /* Resources */ = {
			isa = PBXResourcesBuildPhase;
			buildActionMask = 2147483647;
			files = (
			);
			runOnlyForDeploymentPostprocessing = 0;
		};
		055B1A312EE1BBD400D49641 /* Resources */ = {
			isa = PBXResourcesBuildPhase;
			buildActionMask = 2147483647;
			files = (
			);
			runOnlyForDeploymentPostprocessing = 0;
		};
		055B1A482EE1BF5E00D49641 /* Resources */ = {
			isa = PBXResourcesBuildPhase;
			buildActionMask = 2147483647;
			files = (
			);
			runOnlyForDeploymentPostprocessing = 0;
		};
		055B1B532EE1C68100D49641 /* Resources */ = {
			isa = PBXResourcesBuildPhase;
			buildActionMask = 2147483647;
			files = (
			);
			runOnlyForDeploymentPostprocessing = 0;
		};
		05DBFACB2E2507AA004B7836 /* Resources */ = {
			isa = PBXResourcesBuildPhase;
			buildActionMask = 2147483647;
			files = (
			);
			runOnlyForDeploymentPostprocessing = 0;
		};
/* End PBXResourcesBuildPhase section */

/* Begin PBXSourcesBuildPhase section */
		055B1A132EE1B5FD00D49641 /* Sources */ = {
			isa = PBXSourcesBuildPhase;
			buildActionMask = 2147483647;
			files = (
			);
			runOnlyForDeploymentPostprocessing = 0;
		};
		055B1A2F2EE1BBD400D49641 /* Sources */ = {
			isa = PBXSourcesBuildPhase;
			buildActionMask = 2147483647;
			files = (
			);
			runOnlyForDeploymentPostprocessing = 0;
		};
		055B1A462EE1BF5E00D49641 /* Sources */ = {
			isa = PBXSourcesBuildPhase;
			buildActionMask = 2147483647;
			files = (
			);
			runOnlyForDeploymentPostprocessing = 0;
		};
		055B1B512EE1C68100D49641 /* Sources */ = {
			isa = PBXSourcesBuildPhase;
			buildActionMask = 2147483647;
			files = (
			);
			runOnlyForDeploymentPostprocessing = 0;
		};
		05DBFAC92E2507AA004B7836 /* Sources */ = {
			isa = PBXSourcesBuildPhase;
			buildActionMask = 2147483647;
			files = (
			);
			runOnlyForDeploymentPostprocessing = 0;
		};
/* End PBXSourcesBuildPhase section */

/* Begin PBXTargetDependency section */
		055B1A262EE1B5FF00D49641 /* PBXTargetDependency */ = {
			isa = PBXTargetDependency;
			target = 055B1A162EE1B5FD00D49641 /* SampleASAWidgetsExtension */;
			targetProxy = 055B1A252EE1B5FF00D49641 /* PBXContainerItemProxy */;
		};
		055B1A532EE1BF5F00D49641 /* PBXTargetDependency */ = {
			isa = PBXTargetDependency;
			target = 055B1A492EE1BF5E00D49641 /* SampleASAWatchApp Watch App */;
			targetProxy = 055B1A522EE1BF5F00D49641 /* PBXContainerItemProxy */;
		};
		055B1B652EE1C68300D49641 /* PBXTargetDependency */ = {
			isa = PBXTargetDependency;
			target = 055B1B542EE1C68100D49641 /* SampleASAWatchAppWidgetExtension */;
			targetProxy = 055B1B642EE1C68300D49641 /* PBXContainerItemProxy */;
		};
/* End PBXTargetDependency section */

/* Begin XCBuildConfiguration section */
		055B1A292EE1B5FF00D49641 /* Debug */ = {
			isa = XCBuildConfiguration;
			buildSettings = {
				ASSETCATALOG_COMPILER_GLOBAL_ACCENT_COLOR_NAME = AccentColor;
				ASSETCATALOG_COMPILER_WIDGET_BACKGROUND_COLOR_NAME = WidgetBackground;
				CODE_SIGN_STYLE = Automatic;
				CURRENT_PROJECT_VERSION = 1;
				DEVELOPMENT_TEAM = ZW496R2XNS;
				GENERATE_INFOPLIST_FILE = YES;
				INFOPLIST_FILE = SampleASAWidgets/Info.plist;
				INFOPLIST_KEY_CFBundleDisplayName = SampleASAWidgets;
				INFOPLIST_KEY_NSHumanReadableCopyright = "";
				LD_RUNPATH_SEARCH_PATHS = (
					"$(inherited)",
					"@executable_path/Frameworks",
					"@executable_path/../../Frameworks",
				);
				MARKETING_VERSION = 1.0;
				PRODUCT_BUNDLE_IDENTIFIER = com.ephrimTest.sample.SampleASAWidgets;
				PRODUCT_NAME = "$(TARGET_NAME)";
				SKIP_INSTALL = YES;
				STRING_CATALOG_GENERATE_SYMBOLS = YES;
				SWIFT_APPROACHABLE_CONCURRENCY = YES;
				SWIFT_EMIT_LOC_STRINGS = YES;
				SWIFT_UPCOMING_FEATURE_MEMBER_IMPORT_VISIBILITY = YES;
				SWIFT_VERSION = 5.0;
				TARGETED_DEVICE_FAMILY = "1,2";
			};
			name = Debug;
		};
		055B1A2A2EE1B5FF00D49641 /* Release */ = {
			isa = XCBuildConfiguration;
			buildSettings = {
				ASSETCATALOG_COMPILER_GLOBAL_ACCENT_COLOR_NAME = AccentColor;
				ASSETCATALOG_COMPILER_WIDGET_BACKGROUND_COLOR_NAME = WidgetBackground;
				CODE_SIGN_STYLE = Automatic;
				CURRENT_PROJECT_VERSION = 1;
				DEVELOPMENT_TEAM = ZW496R2XNS;
				GENERATE_INFOPLIST_FILE = YES;
				INFOPLIST_FILE = SampleASAWidgets/Info.plist;
				INFOPLIST_KEY_CFBundleDisplayName = SampleASAWidgets;
				INFOPLIST_KEY_NSHumanReadableCopyright = "";
				LD_RUNPATH_SEARCH_PATHS = (
					"$(inherited)",
					"@executable_path/Frameworks",
					"@executable_path/../../Frameworks",
				);
				MARKETING_VERSION = 1.0;
				PRODUCT_BUNDLE_IDENTIFIER = com.ephrimTest.sample.SampleASAWidgets;
				PRODUCT_NAME = "$(TARGET_NAME)";
				SKIP_INSTALL = YES;
				STRING_CATALOG_GENERATE_SYMBOLS = YES;
				SWIFT_APPROACHABLE_CONCURRENCY = YES;
				SWIFT_EMIT_LOC_STRINGS = YES;
				SWIFT_UPCOMING_FEATURE_MEMBER_IMPORT_VISIBILITY = YES;
				SWIFT_VERSION = 5.0;
				TARGETED_DEVICE_FAMILY = "1,2";
			};
			name = Release;
		};
		055B1A442EE1BBD600D49641 /* Debug */ = {
			isa = XCBuildConfiguration;
			buildSettings = {
				ASSETCATALOG_COMPILER_GLOBAL_ACCENT_COLOR_NAME = AccentColor;
				ASSETCATALOG_COMPILER_WIDGET_BACKGROUND_COLOR_NAME = WidgetBackground;
				CODE_SIGN_STYLE = Automatic;
				CURRENT_PROJECT_VERSION = 1;
				DEVELOPMENT_TEAM = ZW496R2XNS;
				GENERATE_INFOPLIST_FILE = YES;
				INFOPLIST_FILE = SampleASAWidgetsWatch/Info.plist;
				INFOPLIST_KEY_CFBundleDisplayName = SampleASAWidgetsWatch;
				INFOPLIST_KEY_NSHumanReadableCopyright = "";
				LD_RUNPATH_SEARCH_PATHS = (
					"$(inherited)",
					"@executable_path/Frameworks",
					"@executable_path/../../Frameworks",
					"@executable_path/../../../../Frameworks",
				);
				MARKETING_VERSION = 1.0;
				PRODUCT_BUNDLE_IDENTIFIER = com.ephrimTest.SampleASAWidgetsWatch;
				PRODUCT_NAME = "$(TARGET_NAME)";
				SDKROOT = watchos;
				SKIP_INSTALL = YES;
				STRING_CATALOG_GENERATE_SYMBOLS = YES;
				SWIFT_APPROACHABLE_CONCURRENCY = YES;
				SWIFT_EMIT_LOC_STRINGS = YES;
				SWIFT_UPCOMING_FEATURE_MEMBER_IMPORT_VISIBILITY = YES;
				SWIFT_VERSION = 5.0;
				TARGETED_DEVICE_FAMILY = 4;
				WATCHOS_DEPLOYMENT_TARGET = 26.0;
			};
			name = Debug;
		};
		055B1A452EE1BBD600D49641 /* Release */ = {
			isa = XCBuildConfiguration;
			buildSettings = {
				ASSETCATALOG_COMPILER_GLOBAL_ACCENT_COLOR_NAME = AccentColor;
				ASSETCATALOG_COMPILER_WIDGET_BACKGROUND_COLOR_NAME = WidgetBackground;
				CODE_SIGN_STYLE = Automatic;
				CURRENT_PROJECT_VERSION = 1;
				DEVELOPMENT_TEAM = ZW496R2XNS;
				GENERATE_INFOPLIST_FILE = YES;
				INFOPLIST_FILE = SampleASAWidgetsWatch/Info.plist;
				INFOPLIST_KEY_CFBundleDisplayName = SampleASAWidgetsWatch;
				INFOPLIST_KEY_NSHumanReadableCopyright = "";
				LD_RUNPATH_SEARCH_PATHS = (
					"$(inherited)",
					"@executable_path/Frameworks",
					"@executable_path/../../Frameworks",
					"@executable_path/../../../../Frameworks",
				);
				MARKETING_VERSION = 1.0;
				PRODUCT_BUNDLE_IDENTIFIER = com.ephrimTest.SampleASAWidgetsWatch;
				PRODUCT_NAME = "$(TARGET_NAME)";
				SDKROOT = watchos;
				SKIP_INSTALL = YES;
				STRING_CATALOG_GENERATE_SYMBOLS = YES;
				SWIFT_APPROACHABLE_CONCURRENCY = YES;
				SWIFT_EMIT_LOC_STRINGS = YES;
				SWIFT_UPCOMING_FEATURE_MEMBER_IMPORT_VISIBILITY = YES;
				SWIFT_VERSION = 5.0;
				TARGETED_DEVICE_FAMILY = 4;
				WATCHOS_DEPLOYMENT_TARGET = 26.0;
			};
			name = Release;
		};
		055B1A562EE1BF5F00D49641 /* Debug */ = {
			isa = XCBuildConfiguration;
			buildSettings = {
				ASSETCATALOG_COMPILER_APPICON_NAME = AppIcon;
				ASSETCATALOG_COMPILER_GLOBAL_ACCENT_COLOR_NAME = AccentColor;
				CODE_SIGN_STYLE = Automatic;
				CURRENT_PROJECT_VERSION = 1;
				DEVELOPMENT_TEAM = ZW496R2XNS;
				ENABLE_PREVIEWS = YES;
				GENERATE_INFOPLIST_FILE = YES;
				INFOPLIST_KEY_CFBundleDisplayName = SampleASAWatchApp;
				INFOPLIST_KEY_UISupportedInterfaceOrientations = "UIInterfaceOrientationPortrait UIInterfaceOrientationPortraitUpsideDown";
				INFOPLIST_KEY_WKCompanionAppBundleIdentifier = com.ephrimTest.sample;
				LD_RUNPATH_SEARCH_PATHS = (
					"$(inherited)",
					"@executable_path/Frameworks",
				);
				MARKETING_VERSION = 1.0;
				PRODUCT_BUNDLE_IDENTIFIER = com.ephrimTest.sample.watchkitapp;
				PRODUCT_NAME = "$(TARGET_NAME)";
				SDKROOT = watchos;
				SKIP_INSTALL = YES;
				STRING_CATALOG_GENERATE_SYMBOLS = YES;
				SWIFT_APPROACHABLE_CONCURRENCY = YES;
				SWIFT_DEFAULT_ACTOR_ISOLATION = MainActor;
				SWIFT_EMIT_LOC_STRINGS = YES;
				SWIFT_UPCOMING_FEATURE_MEMBER_IMPORT_VISIBILITY = YES;
				SWIFT_VERSION = 5.0;
				TARGETED_DEVICE_FAMILY = 4;
				WATCHOS_DEPLOYMENT_TARGET = 26.0;
			};
			name = Debug;
		};
		055B1A572EE1BF5F00D49641 /* Release */ = {
			isa = XCBuildConfiguration;
			buildSettings = {
				ASSETCATALOG_COMPILER_APPICON_NAME = AppIcon;
				ASSETCATALOG_COMPILER_GLOBAL_ACCENT_COLOR_NAME = AccentColor;
				CODE_SIGN_STYLE = Automatic;
				CURRENT_PROJECT_VERSION = 1;
				DEVELOPMENT_TEAM = ZW496R2XNS;
				ENABLE_PREVIEWS = YES;
				GENERATE_INFOPLIST_FILE = YES;
				INFOPLIST_KEY_CFBundleDisplayName = SampleASAWatchApp;
				INFOPLIST_KEY_UISupportedInterfaceOrientations = "UIInterfaceOrientationPortrait UIInterfaceOrientationPortraitUpsideDown";
				INFOPLIST_KEY_WKCompanionAppBundleIdentifier = com.ephrimTest.sample;
				LD_RUNPATH_SEARCH_PATHS = (
					"$(inherited)",
					"@executable_path/Frameworks",
				);
				MARKETING_VERSION = 1.0;
				PRODUCT_BUNDLE_IDENTIFIER = com.ephrimTest.sample.watchkitapp;
				PRODUCT_NAME = "$(TARGET_NAME)";
				SDKROOT = watchos;
				SKIP_INSTALL = YES;
				STRING_CATALOG_GENERATE_SYMBOLS = YES;
				SWIFT_APPROACHABLE_CONCURRENCY = YES;
				SWIFT_DEFAULT_ACTOR_ISOLATION = MainActor;
				SWIFT_EMIT_LOC_STRINGS = YES;
				SWIFT_UPCOMING_FEATURE_MEMBER_IMPORT_VISIBILITY = YES;
				SWIFT_VERSION = 5.0;
				TARGETED_DEVICE_FAMILY = 4;
				WATCHOS_DEPLOYMENT_TARGET = 26.0;
			};
			name = Release;
		};
		055B1B682EE1C68300D49641 /* Debug */ = {
			isa = XCBuildConfiguration;
			buildSettings = {
				ASSETCATALOG_COMPILER_GLOBAL_ACCENT_COLOR_NAME = AccentColor;
				ASSETCATALOG_COMPILER_WIDGET_BACKGROUND_COLOR_NAME = WidgetBackground;
				CODE_SIGN_STYLE = Automatic;
				CURRENT_PROJECT_VERSION = 1;
				DEVELOPMENT_TEAM = ZW496R2XNS;
				GENERATE_INFOPLIST_FILE = YES;
				INFOPLIST_FILE = SampleASAWatchAppWidget/Info.plist;
				INFOPLIST_KEY_CFBundleDisplayName = SampleASAWatchAppWidget;
				INFOPLIST_KEY_NSHumanReadableCopyright = "";
				LD_RUNPATH_SEARCH_PATHS = (
					"$(inherited)",
					"@executable_path/Frameworks",
					"@executable_path/../../Frameworks",
					"@executable_path/../../../../Frameworks",
				);
				MARKETING_VERSION = 1.0;
				PRODUCT_BUNDLE_IDENTIFIER = com.ephrimTest.sample.watchkitapp.SampleASAWatchAppWidget;
				PRODUCT_NAME = "$(TARGET_NAME)";
				SDKROOT = watchos;
				SKIP_INSTALL = YES;
				STRING_CATALOG_GENERATE_SYMBOLS = YES;
				SWIFT_APPROACHABLE_CONCURRENCY = YES;
				SWIFT_EMIT_LOC_STRINGS = YES;
				SWIFT_UPCOMING_FEATURE_MEMBER_IMPORT_VISIBILITY = YES;
				SWIFT_VERSION = 5.0;
				TARGETED_DEVICE_FAMILY = 4;
				WATCHOS_DEPLOYMENT_TARGET = 26.0;
			};
			name = Debug;
		};
		055B1B692EE1C68300D49641 /* Release */ = {
			isa = XCBuildConfiguration;
			buildSettings = {
				ASSETCATALOG_COMPILER_GLOBAL_ACCENT_COLOR_NAME = AccentColor;
				ASSETCATALOG_COMPILER_WIDGET_BACKGROUND_COLOR_NAME = WidgetBackground;
				CODE_SIGN_STYLE = Automatic;
				CURRENT_PROJECT_VERSION = 1;
				DEVELOPMENT_TEAM = ZW496R2XNS;
				GENERATE_INFOPLIST_FILE = YES;
				INFOPLIST_FILE = SampleASAWatchAppWidget/Info.plist;
				INFOPLIST_KEY_CFBundleDisplayName = SampleASAWatchAppWidget;
				INFOPLIST_KEY_NSHumanReadableCopyright = "";
				LD_RUNPATH_SEARCH_PATHS = (
					"$(inherited)",
					"@executable_path/Frameworks",
					"@executable_path/../../Frameworks",
					"@executable_path/../../../../Frameworks",
				);
				MARKETING_VERSION = 1.0;
				PRODUCT_BUNDLE_IDENTIFIER = com.ephrimTest.sample.watchkitapp.SampleASAWatchAppWidget;
				PRODUCT_NAME = "$(TARGET_NAME)";
				SDKROOT = watchos;
				SKIP_INSTALL = YES;
				STRING_CATALOG_GENERATE_SYMBOLS = YES;
				SWIFT_APPROACHABLE_CONCURRENCY = YES;
				SWIFT_EMIT_LOC_STRINGS = YES;
				SWIFT_UPCOMING_FEATURE_MEMBER_IMPORT_VISIBILITY = YES;
				SWIFT_VERSION = 5.0;
				TARGETED_DEVICE_FAMILY = 4;
				WATCHOS_DEPLOYMENT_TARGET = 26.0;
			};
			name = Release;
		};
		05DBFAD62E2507AB004B7836 /* Debug */ = {
			isa = XCBuildConfiguration;
			buildSettings = {
				ALWAYS_SEARCH_USER_PATHS = NO;
				ASSETCATALOG_COMPILER_GENERATE_SWIFT_ASSET_SYMBOL_EXTENSIONS = YES;
				CLANG_ANALYZER_NONNULL = YES;
				CLANG_ANALYZER_NUMBER_OBJECT_CONVERSION = YES_AGGRESSIVE;
				CLANG_CXX_LANGUAGE_STANDARD = "gnu++20";
				CLANG_ENABLE_MODULES = YES;
				CLANG_ENABLE_OBJC_ARC = YES;
				CLANG_ENABLE_OBJC_WEAK = YES;
				CLANG_WARN_BLOCK_CAPTURE_AUTORELEASING = YES;
				CLANG_WARN_BOOL_CONVERSION = YES;
				CLANG_WARN_COMMA = YES;
				CLANG_WARN_CONSTANT_CONVERSION = YES;
				CLANG_WARN_DEPRECATED_OBJC_IMPLEMENTATIONS = YES;
				CLANG_WARN_DIRECT_OBJC_ISA_USAGE = YES_ERROR;
				CLANG_WARN_DOCUMENTATION_COMMENTS = YES;
				CLANG_WARN_EMPTY_BODY = YES;
				CLANG_WARN_ENUM_CONVERSION = YES;
				CLANG_WARN_INFINITE_RECURSION = YES;
				CLANG_WARN_INT_CONVERSION = YES;
				CLANG_WARN_NON_LITERAL_NULL_CONVERSION = YES;
				CLANG_WARN_OBJC_IMPLICIT_RETAIN_SELF = YES;
				CLANG_WARN_OBJC_LITERAL_CONVERSION = YES;
				CLANG_WARN_OBJC_ROOT_CLASS = YES_ERROR;
				CLANG_WARN_QUOTED_INCLUDE_IN_FRAMEWORK_HEADER = YES;
				CLANG_WARN_RANGE_LOOP_ANALYSIS = YES;
				CLANG_WARN_STRICT_PROTOTYPES = YES;
				CLANG_WARN_SUSPICIOUS_MOVE = YES;
				CLANG_WARN_UNGUARDED_AVAILABILITY = YES_AGGRESSIVE;
				CLANG_WARN_UNREACHABLE_CODE = YES;
				CLANG_WARN__DUPLICATE_METHOD_MATCH = YES;
				COPY_PHASE_STRIP = NO;
				DEBUG_INFORMATION_FORMAT = dwarf;
				DEVELOPMENT_TEAM = ZW496R2XNS;
				ENABLE_STRICT_OBJC_MSGSEND = YES;
				ENABLE_TESTABILITY = YES;
				ENABLE_USER_SCRIPT_SANDBOXING = YES;
				GCC_C_LANGUAGE_STANDARD = gnu17;
				GCC_DYNAMIC_NO_PIC = NO;
				GCC_NO_COMMON_BLOCKS = YES;
				GCC_OPTIMIZATION_LEVEL = 0;
				GCC_PREPROCESSOR_DEFINITIONS = (
					"DEBUG=1",
					"$(inherited)",
				);
				GCC_WARN_64_TO_32_BIT_CONVERSION = YES;
				GCC_WARN_ABOUT_RETURN_TYPE = YES_ERROR;
				GCC_WARN_UNDECLARED_SELECTOR = YES;
				GCC_WARN_UNINITIALIZED_AUTOS = YES_AGGRESSIVE;
				GCC_WARN_UNUSED_FUNCTION = YES;
				GCC_WARN_UNUSED_VARIABLE = YES;
				IPHONEOS_DEPLOYMENT_TARGET = 26.0;
				LOCALIZATION_PREFERS_STRING_CATALOGS = YES;
				MTL_ENABLE_DEBUG_INFO = INCLUDE_SOURCE;
				MTL_FAST_MATH = YES;
				ONLY_ACTIVE_ARCH = YES;
				SDKROOT = iphoneos;
				SWIFT_ACTIVE_COMPILATION_CONDITIONS = "DEBUG $(inherited)";
				SWIFT_OPTIMIZATION_LEVEL = "-Onone";
			};
			name = Debug;
		};
		05DBFAD72E2507AB004B7836 /* Release */ = {
			isa = XCBuildConfiguration;
			buildSettings = {
				ALWAYS_SEARCH_USER_PATHS = NO;
				ASSETCATALOG_COMPILER_GENERATE_SWIFT_ASSET_SYMBOL_EXTENSIONS = YES;
				CLANG_ANALYZER_NONNULL = YES;
				CLANG_ANALYZER_NUMBER_OBJECT_CONVERSION = YES_AGGRESSIVE;
				CLANG_CXX_LANGUAGE_STANDARD = "gnu++20";
				CLANG_ENABLE_MODULES = YES;
				CLANG_ENABLE_OBJC_ARC = YES;
				CLANG_ENABLE_OBJC_WEAK = YES;
				CLANG_WARN_BLOCK_CAPTURE_AUTORELEASING = YES;
				CLANG_WARN_BOOL_CONVERSION = YES;
				CLANG_WARN_COMMA = YES;
				CLANG_WARN_CONSTANT_CONVERSION = YES;
				CLANG_WARN_DEPRECATED_OBJC_IMPLEMENTATIONS = YES;
				CLANG_WARN_DIRECT_OBJC_ISA_USAGE = YES_ERROR;
				CLANG_WARN_DOCUMENTATION_COMMENTS = YES;
				CLANG_WARN_EMPTY_BODY = YES;
				CLANG_WARN_ENUM_CONVERSION = YES;
				CLANG_WARN_INFINITE_RECURSION = YES;
				CLANG_WARN_INT_CONVERSION = YES;
				CLANG_WARN_NON_LITERAL_NULL_CONVERSION = YES;
				CLANG_WARN_OBJC_IMPLICIT_RETAIN_SELF = YES;
				CLANG_WARN_OBJC_LITERAL_CONVERSION = YES;
				CLANG_WARN_OBJC_ROOT_CLASS = YES_ERROR;
				CLANG_WARN_QUOTED_INCLUDE_IN_FRAMEWORK_HEADER = YES;
				CLANG_WARN_RANGE_LOOP_ANALYSIS = YES;
				CLANG_WARN_STRICT_PROTOTYPES = YES;
				CLANG_WARN_SUSPICIOUS_MOVE = YES;
				CLANG_WARN_UNGUARDED_AVAILABILITY = YES_AGGRESSIVE;
				CLANG_WARN_UNREACHABLE_CODE = YES;
				CLANG_WARN__DUPLICATE_METHOD_MATCH = YES;
				COPY_PHASE_STRIP = NO;
				DEBUG_INFORMATION_FORMAT = "dwarf-with-dsym";
				DEVELOPMENT_TEAM = ZW496R2XNS;
				ENABLE_NS_ASSERTIONS = NO;
				ENABLE_STRICT_OBJC_MSGSEND = YES;
				ENABLE_USER_SCRIPT_SANDBOXING = YES;
				GCC_C_LANGUAGE_STANDARD = gnu17;
				GCC_NO_COMMON_BLOCKS = YES;
				GCC_WARN_64_TO_32_BIT_CONVERSION = YES;
				GCC_WARN_ABOUT_RETURN_TYPE = YES_ERROR;
				GCC_WARN_UNDECLARED_SELECTOR = YES;
				GCC_WARN_UNINITIALIZED_AUTOS = YES_AGGRESSIVE;
				GCC_WARN_UNUSED_FUNCTION = YES;
				GCC_WARN_UNUSED_VARIABLE = YES;
				IPHONEOS_DEPLOYMENT_TARGET = 26.0;
				LOCALIZATION_PREFERS_STRING_CATALOGS = YES;
				MTL_ENABLE_DEBUG_INFO = NO;
				MTL_FAST_MATH = YES;
				SDKROOT = iphoneos;
				SWIFT_COMPILATION_MODE = wholemodule;
				VALIDATE_PRODUCT = YES;
			};
			name = Release;
		};
		05DBFAD92E2507AB004B7836 /* Debug */ = {
			isa = XCBuildConfiguration;
			buildSettings = {
				ASSETCATALOG_COMPILER_APPICON_NAME = AppIcon;
				ASSETCATALOG_COMPILER_GLOBAL_ACCENT_COLOR_NAME = AccentColor;
				CODE_SIGN_STYLE = Automatic;
				CURRENT_PROJECT_VERSION = 1;
				DEVELOPMENT_TEAM = ZW496R2XNS;
				ENABLE_PREVIEWS = YES;
				GENERATE_INFOPLIST_FILE = YES;
				INFOPLIST_KEY_UIApplicationSceneManifest_Generation = YES;
				INFOPLIST_KEY_UIApplicationSupportsIndirectInputEvents = YES;
				INFOPLIST_KEY_UILaunchScreen_Generation = YES;
				INFOPLIST_KEY_UISupportedInterfaceOrientations_iPad = "UIInterfaceOrientationPortrait UIInterfaceOrientationPortraitUpsideDown UIInterfaceOrientationLandscapeLeft UIInterfaceOrientationLandscapeRight";
				INFOPLIST_KEY_UISupportedInterfaceOrientations_iPhone = "UIInterfaceOrientationPortrait UIInterfaceOrientationLandscapeLeft UIInterfaceOrientationLandscapeRight";
				LD_RUNPATH_SEARCH_PATHS = (
					"$(inherited)",
					"@executable_path/Frameworks",
				);
				MARKETING_VERSION = 1.0;
				PRODUCT_BUNDLE_IDENTIFIER = com.ephrimTest.sample;
				PRODUCT_NAME = "$(TARGET_NAME)";
				STRING_CATALOG_GENERATE_SYMBOLS = YES;
				SWIFT_APPROACHABLE_CONCURRENCY = YES;
				SWIFT_DEFAULT_ACTOR_ISOLATION = MainActor;
				SWIFT_EMIT_LOC_STRINGS = YES;
				SWIFT_UPCOMING_FEATURE_MEMBER_IMPORT_VISIBILITY = YES;
				SWIFT_VERSION = 5.0;
				TARGETED_DEVICE_FAMILY = "1,2";
			};
			name = Debug;
		};
		05DBFADA2E2507AB004B7836 /* Release */ = {
			isa = XCBuildConfiguration;
			buildSettings = {
				ASSETCATALOG_COMPILER_APPICON_NAME = AppIcon;
				ASSETCATALOG_COMPILER_GLOBAL_ACCENT_COLOR_NAME = AccentColor;
				CODE_SIGN_STYLE = Automatic;
				CURRENT_PROJECT_VERSION = 1;
				DEVELOPMENT_TEAM = ZW496R2XNS;
				ENABLE_PREVIEWS = YES;
				GENERATE_INFOPLIST_FILE = YES;
				INFOPLIST_KEY_UIApplicationSceneManifest_Generation = YES;
				INFOPLIST_KEY_UIApplicationSupportsIndirectInputEvents = YES;
				INFOPLIST_KEY_UILaunchScreen_Generation = YES;
				INFOPLIST_KEY_UISupportedInterfaceOrientations_iPad = "UIInterfaceOrientationPortrait UIInterfaceOrientationPortraitUpsideDown UIInterfaceOrientationLandscapeLeft UIInterfaceOrientationLandscapeRight";
				INFOPLIST_KEY_UISupportedInterfaceOrientations_iPhone = "UIInterfaceOrientationPortrait UIInterfaceOrientationLandscapeLeft UIInterfaceOrientationLandscapeRight";
				LD_RUNPATH_SEARCH_PATHS = (
					"$(inherited)",
					"@executable_path/Frameworks",
				);
				MARKETING_VERSION = 1.0;
				PRODUCT_BUNDLE_IDENTIFIER = com.ephrimTest.sample;
				PRODUCT_NAME = "$(TARGET_NAME)";
				STRING_CATALOG_GENERATE_SYMBOLS = YES;
				SWIFT_APPROACHABLE_CONCURRENCY = YES;
				SWIFT_DEFAULT_ACTOR_ISOLATION = MainActor;
				SWIFT_EMIT_LOC_STRINGS = YES;
				SWIFT_UPCOMING_FEATURE_MEMBER_IMPORT_VISIBILITY = YES;
				SWIFT_VERSION = 5.0;
				TARGETED_DEVICE_FAMILY = "1,2";
			};
			name = Release;
		};
/* End XCBuildConfiguration section */

/* Begin XCConfigurationList section */
		055B1A2C2EE1B5FF00D49641 /* Build configuration list for PBXNativeTarget "SampleASAWidgetsExtension" */ = {
			isa = XCConfigurationList;
			buildConfigurations = (
				055B1A292EE1B5FF00D49641 /* Debug */,
				055B1A2A2EE1B5FF00D49641 /* Release */,
			);
			defaultConfigurationIsVisible = 0;
			defaultConfigurationName = Release;
		};
		055B1A432EE1BBD600D49641 /* Build configuration list for PBXNativeTarget "SampleASAWidgetsWatchExtension" */ = {
			isa = XCConfigurationList;
			buildConfigurations = (
				055B1A442EE1BBD600D49641 /* Debug */,
				055B1A452EE1BBD600D49641 /* Release */,
			);
			defaultConfigurationIsVisible = 0;
			defaultConfigurationName = Release;
		};
		055B1A552EE1BF5F00D49641 /* Build configuration list for PBXNativeTarget "SampleASAWatchApp Watch App" */ = {
			isa = XCConfigurationList;
			buildConfigurations = (
				055B1A562EE1BF5F00D49641 /* Debug */,
				055B1A572EE1BF5F00D49641 /* Release */,
			);
			defaultConfigurationIsVisible = 0;
			defaultConfigurationName = Release;
		};
		055B1B6A2EE1C68300D49641 /* Build configuration list for PBXNativeTarget "SampleASAWatchAppWidgetExtension" */ = {
			isa = XCConfigurationList;
			buildConfigurations = (
				055B1B682EE1C68300D49641 /* Debug */,
				055B1B692EE1C68300D49641 /* Release */,
			);
			defaultConfigurationIsVisible = 0;
			defaultConfigurationName = Release;
		};
		05DBFAC82E2507AA004B7836 /* Build configuration list for PBXProject "sample" */ = {
			isa = XCConfigurationList;
			buildConfigurations = (
				05DBFAD62E2507AB004B7836 /* Debug */,
				05DBFAD72E2507AB004B7836 /* Release */,
			);
			defaultConfigurationIsVisible = 0;
			defaultConfigurationName = Release;
		};
		05DBFAD82E2507AB004B7836 /* Build configuration list for PBXNativeTarget "sample" */ = {
			isa = XCConfigurationList;
			buildConfigurations = (
				05DBFAD92E2507AB004B7836 /* Debug */,
				05DBFADA2E2507AB004B7836 /* Release */,
			);
			defaultConfigurationIsVisible = 0;
			defaultConfigurationName = Release;
		};
/* End XCConfigurationList section */
	};
	rootObject = 05DBFAC52E2507AA004B7836 /* Project object */;
}
